{
  "assist.answer@1.0.0": "2d1c5ccff73aa7de4d30c5901977e79c35a8f30c4bdf00348ebe3558b81276ca",
  "judge.groundedness@1.0.0": "a9c730a812eb174bef8273165e16f8c4ec2998a5708d6a08e7d2dc2f38631d62",
  "ticket.classify@1.0.0": "c6b8942afea7b6d5a1dafa33215d41dee84f243f756678a3debeb23167ea2f70",
  "ticket.classify@1.1.0": "dbf28ccfa7d8041f45f4185ced9657ec5e4205938cb79b2188228fe884293ba4"
}
